
Microsoft Visual Studio Solution File, Format Version 12.00
# Visual Studio Version 17
VisualStudioVersion = 17.14.36518.9
MinimumVisualStudioVersion = 10.0.40219.1
Project("{FAE04EC0-301F-11D3-BF4B-00C04F79EFBC}") = "DotNetRag.Api", "DotNetRag.Api\DotNetRag.Api.csproj", "{1EBCEB93-76F2-C482-4064-E5A2CBE250D9}"
EndProject
Project("{FAE04EC0-301F-11D3-BF4B-00C04F79EFBC}") = "WebChat", "WebChat\WebChat\WebChat.csproj", "{8CB55B38-29D3-8A5F-E9D9-DABB1113FA8F}"
EndProject
Project("{FAE04EC0-301F-11D3-BF4B-00C04F79EFBC}") = "WebChat.Client", "WebChat\WebChat.Client\WebChat.Client.csproj", "{B731C133-F262-4384-6241-18E45F23589F}"
EndProject
Project("{FAE04EC0-301F-11D3-BF4B-00C04F79EFBC}") = "ChatApp", "ChatApp\ChatApp.csproj", "{4AAD9CAE-B095-3F5F-CF1E-26EE5776EB75}"
EndProject
Global
	GlobalSection(SolutionConfigurationPlatforms) = preSolution
		Debug|Any CPU = Debug|Any CPU
		Release|Any CPU = Release|Any CPU
	EndGlobalSection
	GlobalSection(ProjectConfigurationPlatforms) = postSolution
		{1EBCEB93-76F2-C482-4064-E5A2CBE250D9}.Debug|Any CPU.ActiveCfg = Debug|Any CPU
		{1EBCEB93-76F2-C482-4064-E5A2CBE250D9}.Debug|Any CPU.Build.0 = Debug|Any CPU
		{1EBCEB93-76F2-C482-4064-E5A2CBE250D9}.Release|Any CPU.ActiveCfg = Release|Any CPU
		{1EBCEB93-76F2-C482-4064-E5A2CBE250D9}.Release|Any CPU.Build.0 = Release|Any CPU
		{8CB55B38-29D3-8A5F-E9D9-DABB1113FA8F}.Debug|Any CPU.ActiveCfg = Debug|Any CPU
		{8CB55B38-29D3-8A5F-E9D9-DABB1113FA8F}.Debug|Any CPU.Build.0 = Debug|Any CPU
		{8CB55B38-29D3-8A5F-E9D9-DABB1113FA8F}.Release|Any CPU.ActiveCfg = Release|Any CPU
		{8CB55B38-29D3-8A5F-E9D9-DABB1113FA8F}.Release|Any CPU.Build.0 = Release|Any CPU
		{B731C133-F262-4384-6241-18E45F23589F}.Debug|Any CPU.ActiveCfg = Debug|Any CPU
		{B731C133-F262-4384-6241-18E45F23589F}.Debug|Any CPU.Build.0 = Debug|Any CPU
		{B731C133-F262-4384-6241-18E45F23589F}.Release|Any CPU.ActiveCfg = Release|Any CPU
		{B731C133-F262-4384-6241-18E45F23589F}.Release|Any CPU.Build.0 = Release|Any CPU
		{4AAD9CAE-B095-3F5F-CF1E-26EE5776EB75}.Debug|Any CPU.ActiveCfg = Debug|Any CPU
		{4AAD9CAE-B095-3F5F-CF1E-26EE5776EB75}.Debug|Any CPU.Build.0 = Debug|Any CPU
		{4AAD9CAE-B095-3F5F-CF1E-26EE5776EB75}.Release|Any CPU.ActiveCfg = Release|Any CPU
		{4AAD9CAE-B095-3F5F-CF1E-26EE5776EB75}.Release|Any CPU.Build.0 = Release|Any CPU
	EndGlobalSection
	GlobalSection(SolutionProperties) = preSolution
		HideSolutionNode = FALSE
	EndGlobalSection
	GlobalSection(ExtensibilityGlobals) = postSolution
		SolutionGuid = {D7431762-104A-41D7-B6E0-41C00E49A292}
	EndGlobalSection
EndGlobal
